dependencies:
  glob: 5.0.15
  loader-utils: 2.0.0
  schema-utils: 3.0.0
devDependencies:
  chai: 4.2.0
  mocha: 5.2.0
  sinon: 7.5.0
lockfileVersion: 5.2
packages:
  /@sinonjs/commons/1.8.1:
    dependencies:
      type-detect: 4.0.8
    dev: true
    resolution:
      integrity: sha512-892K+kWUUi3cl+LlqEWIDrhvLgdL79tECi8JZUyq6IviKy/DNhuzCRlbHUjxK89f4ypPMMaFnFuR9Ie6DoIMsw==
      registry: https://git.endgame.nz/api/v4/packages/npm/
  /@sinonjs/formatio/3.2.2:
    dependencies:
      '@sinonjs/commons': 1.8.1
      '@sinonjs/samsam': 3.3.3
    dev: true
    resolution:
      integrity: sha512-B8SEsgd8gArBLMD6zpRw3juQ2FVSsmdd7qlevyDqzS9WTCtvF55/gAL+h6gue8ZvPYcdiPdvueM/qm//9XzyTQ==
      registry: https://git.endgame.nz/api/v4/packages/npm/
  /@sinonjs/samsam/3.3.3:
    dependencies:
      '@sinonjs/commons': 1.8.1
      array-from: 2.1.1
      lodash: 4.17.20
    dev: true
    resolution:
      integrity: sha512-bKCMKZvWIjYD0BLGnNrxVuw4dkWCYsLqFOUWw8VgKF/+5Y+mE7LfHWPIYoDXowH+3a9LsWDMo0uAP8YDosPvHQ==
      registry: https://git.endgame.nz/api/v4/packages/npm/
  /@sinonjs/text-encoding/0.7.1:
    dev: true
    resolution:
      integrity: sha512-+iTbntw2IZPb/anVDbypzfQa+ay64MW0Zo8aJ8gZPWMMK6/OubMVb6lUPMagqjOPnmtauXnFCACVl3O7ogjeqQ==
      registry: https://git.endgame.nz/api/v4/packages/npm/
  /@types/json-schema/7.0.6:
    dev: false
    resolution:
      integrity: sha512-3c+yGKvVP5Y9TYBEibGNR+kLtijnj7mYrXRg+WpFb2X9xm04g/DXYkfg4hmzJQosc9snFNUPkbYIhu+KAm6jJw==
      registry: https://git.endgame.nz/api/v4/packages/npm/
  /ajv-keywords/3.5.2_ajv@6.12.6:
    dependencies:
      ajv: 6.12.6
    dev: false
    peerDependencies:
      ajv: ^6.9.1
    resolution:
      integrity: sha512-5p6WTN0DdTGVQk6VjcEju19IgaHudalcfabD7yhDGeA6bcQnmL+CpveLJq/3hvfwd1aof6L386Ougkx6RfyMIQ==
      registry: https://git.endgame.nz/api/v4/packages/npm/
  /ajv/6.12.6:
    dependencies:
      fast-deep-equal: 3.1.3
      fast-json-stable-stringify: 2.1.0
      json-schema-traverse: 0.4.1
      uri-js: 4.4.0
    dev: false
    resolution:
      integrity: sha512-j3fVLgvTo527anyYyJOGTYJbG+vnnQYvE0m5mmkc1TK+nxAppkCLMIL0aZ4dblVCNoGShhm+kzE4ZUykBoMg4g==
      registry: https://git.endgame.nz/api/v4/packages/npm/
  /array-from/2.1.1:
    dev: true
    resolution:
      integrity: sha1-z+nYwmYoudxa7MYqn12PHzUsEZU=
      registry: https://git.endgame.nz/api/v4/packages/npm/
  /assertion-error/1.1.0:
    dev: true
    resolution:
      integrity: sha512-jgsaNduz+ndvGyFt3uSuWqvy4lCnIJiovtouQN5JZHOKCS2QuhEdbcQHFhVksz2N2U9hXJo8odG7ETyWlEeuDw==
      registry: https://git.endgame.nz/api/v4/packages/npm/
  /balanced-match/1.0.0:
    resolution:
      integrity: sha1-ibTRmasr7kneFk6gK4nORi1xt2c=
      registry: https://git.endgame.nz/api/v4/packages/npm/
  /big.js/5.2.2:
    dev: false
    resolution:
      integrity: sha512-vyL2OymJxmarO8gxMr0mhChsO9QGwhynfuu4+MHTAW6czfq9humCB7rKpUjDd9YUiDPU4mzpyupFSvOClAwbmQ==
      registry: https://git.endgame.nz/api/v4/packages/npm/
  /brace-expansion/1.1.11:
    dependencies:
      balanced-match: 1.0.0
      concat-map: 0.0.1
    resolution:
      integrity: sha512-iCuPHDFgrHX7H2vEI/5xpz07zSHB00TpugqhmYtVmMO6518mCuRMoOYFldEBl0g187ufozdaHgWKcYFb61qGiA==
      registry: https://git.endgame.nz/api/v4/packages/npm/
  /browser-stdout/1.3.1:
    dev: true
    resolution:
      integrity: sha512-qhAVI1+Av2X7qelOfAIYwXONood6XlZE/fXaBSmW/T5SzLAmCgzi+eiWE7fUvbHaeNBQH13UftjpXxsfLkMpgw==
      registry: https://git.endgame.nz/api/v4/packages/npm/
  /chai/4.2.0:
    dependencies:
      assertion-error: 1.1.0
      check-error: 1.0.2
      deep-eql: 3.0.1
      get-func-name: 2.0.0
      pathval: 1.1.0
      type-detect: 4.0.8
    dev: true
    engines:
      node: '>=4'
    resolution:
      integrity: sha512-XQU3bhBukrOsQCuwZndwGcCVQHyZi53fQ6Ys1Fym7E4olpIqqZZhhoFJoaKVvV17lWQoXYwgWN2nF5crA8J2jw==
      registry: https://git.endgame.nz/api/v4/packages/npm/
  /check-error/1.0.2:
    dev: true
    resolution:
      integrity: sha1-V00xLt2Iu13YkS6Sht1sCu1KrII=
      registry: https://git.endgame.nz/api/v4/packages/npm/
  /commander/2.15.1:
    dev: true
    resolution:
      integrity: sha512-VlfT9F3V0v+jr4yxPc5gg9s62/fIVWsd2Bk2iD435um1NlGMYdVCq+MjcXnhYq2icNOizHr1kK+5TI6H0Hy0ag==
      registry: https://git.endgame.nz/api/v4/packages/npm/
  /concat-map/0.0.1:
    resolution:
      integrity: sha1-2Klr13/Wjfd5OnMDajug1UBdR3s=
      registry: https://git.endgame.nz/api/v4/packages/npm/
  /debug/3.1.0:
    dependencies:
      ms: 2.0.0
    dev: true
    resolution:
      integrity: sha512-OX8XqP7/1a9cqkxYw2yXss15f26NKWBpDXQd0/uK/KPqdQhxbPa994hnzjcE2VqQpDslf55723cKPUOGSmMY3g==
      registry: https://git.endgame.nz/api/v4/packages/npm/
  /deep-eql/3.0.1:
    dependencies:
      type-detect: 4.0.8
    dev: true
    engines:
      node: '>=0.12'
    resolution:
      integrity: sha512-+QeIQyN5ZuO+3Uk5DYh6/1eKO0m0YmJFGNmFHGACpf1ClL1nmlV/p4gNgbl2pJGxgXb4faqo6UE+M5ACEMyVcw==
      registry: https://git.endgame.nz/api/v4/packages/npm/
  /diff/3.5.0:
    dev: true
    engines:
      node: '>=0.3.1'
    resolution:
      integrity: sha512-A46qtFgd+g7pDZinpnwiRJtxbC1hpgf0uzP3iG89scHk0AUC7A1TGxf5OiiOUv/JMZR8GOt8hL900hV0bOy5xA==
      registry: https://git.endgame.nz/api/v4/packages/npm/
  /emojis-list/3.0.0:
    dev: false
    engines:
      node: '>= 4'
    resolution:
      integrity: sha512-/kyM18EfinwXZbno9FyUGeFh87KC8HRQBQGildHZbEuRyWFOmv1U10o9BBp8XVZDVNNuQKyIGIu5ZYAAXJ0V2Q==
      registry: https://git.endgame.nz/api/v4/packages/npm/
  /escape-string-regexp/1.0.5:
    dev: true
    engines:
      node: '>=0.8.0'
    resolution:
      integrity: sha1-G2HAViGQqN/2rjuyzwIAyhMLhtQ=
      registry: https://git.endgame.nz/api/v4/packages/npm/
  /fast-deep-equal/3.1.3:
    dev: false
    resolution:
      integrity: sha512-f3qQ9oQy9j2AhBe/H9VC91wLmKBCCU/gDOnKNAYG5hswO7BLKj09Hc5HYNz9cGI++xlpDCIgDaitVs03ATR84Q==
      registry: https://git.endgame.nz/api/v4/packages/npm/
  /fast-json-stable-stringify/2.1.0:
    dev: false
    resolution:
      integrity: sha512-lhd/wF+Lk98HZoTCtlVraHtfh5XYijIjalXck7saUtuanSDyLMxnHhSXEDJqHxD7msR8D0uCmqlkwjCV8xvwHw==
      registry: https://git.endgame.nz/api/v4/packages/npm/
  /fs.realpath/1.0.0:
    dev: true
    resolution:
      integrity: sha1-FQStJSMVjKpA20onh8sBQRmU6k8=
      registry: https://git.endgame.nz/api/v4/packages/npm/
  /get-func-name/2.0.0:
    dev: true
    resolution:
      integrity: sha1-6td0q+5y4gQJQzoGY2YCPdaIekE=
      registry: https://git.endgame.nz/api/v4/packages/npm/
  /glob/5.0.15:
    dependencies:
      inflight: 1.0.6
      inherits: 2.0.4
      minimatch: 3.0.4
      once: 1.4.0
      path-is-absolute: 1.0.1
    dev: false
    resolution:
      integrity: sha1-G8k2ueAvSmA/zCIuz3Yz0wuLk7E=
      registry: https://git.endgame.nz/api/v4/packages/npm/
  /glob/7.1.2:
    dependencies:
      fs.realpath: 1.0.0
      inflight: 1.0.6
      inherits: 2.0.4
      minimatch: 3.0.4
      once: 1.4.0
      path-is-absolute: 1.0.1
    dev: true
    resolution:
      integrity: sha512-MJTUg1kjuLeQCJ+ccE4Vpa6kKVXkPYJ2mOCQyUuKLcLQsdrMCpBPUi8qVE6+YuaJkozeA9NusTAw3hLr8Xe5EQ==
      registry: https://git.endgame.nz/api/v4/packages/npm/
  /growl/1.10.5:
    dev: true
    engines:
      node: '>=4.x'
    resolution:
      integrity: sha512-qBr4OuELkhPenW6goKVXiv47US3clb3/IbuWF9KNKEijAy9oeHxU9IgzjvJhHkUzhaj7rOUD7+YGWqUjLp5oSA==
      registry: https://git.endgame.nz/api/v4/packages/npm/
  /has-flag/3.0.0:
    dev: true
    engines:
      node: '>=4'
    resolution:
      integrity: sha1-tdRU3CGZriJWmfNGfloH87lVuv0=
      registry: https://git.endgame.nz/api/v4/packages/npm/
  /he/1.1.1:
    dev: true
    hasBin: true
    resolution:
      integrity: sha1-k0EP0hsAlzUVH4howvJx80J+I/0=
      registry: https://git.endgame.nz/api/v4/packages/npm/
  /inflight/1.0.6:
    dependencies:
      once: 1.4.0
      wrappy: 1.0.2
    resolution:
      integrity: sha1-Sb1jMdfQLQwJvJEKEHW6gWW1bfk=
      registry: https://git.endgame.nz/api/v4/packages/npm/
  /inherits/2.0.4:
    resolution:
      integrity: sha512-k/vGaX4/Yla3WzyMCvTQOXYeIHvqOKtnqBduzTHpzpQZzAskKMhZ2K+EnBiSM9zGSoIFeMpXKxa4dYeZIQqewQ==
      registry: https://git.endgame.nz/api/v4/packages/npm/
  /isarray/0.0.1:
    dev: true
    resolution:
      integrity: sha1-ihis/Kmo9Bd+Cav8YDiTmwXR7t8=
      registry: https://git.endgame.nz/api/v4/packages/npm/
  /json-schema-traverse/0.4.1:
    dev: false
    resolution:
      integrity: sha512-xbbCH5dCYU5T8LcEhhuh7HJ88HXuW3qsI3Y0zOZFKfZEHcpWiHU/Jxzk629Brsab/mMiHQti9wMP+845RPe3Vg==
      registry: https://git.endgame.nz/api/v4/packages/npm/
  /json5/2.1.3:
    dependencies:
      minimist: 1.2.5
    dev: false
    engines:
      node: '>=6'
    hasBin: true
    resolution:
      integrity: sha512-KXPvOm8K9IJKFM0bmdn8QXh7udDh1g/giieX0NLCaMnb4hEiVFqnop2ImTXCc5e0/oHz3LTqmHGtExn5hfMkOA==
      registry: https://git.endgame.nz/api/v4/packages/npm/
  /just-extend/4.1.1:
    dev: true
    resolution:
      integrity: sha512-aWgeGFW67BP3e5181Ep1Fv2v8z//iBJfrvyTnq8wG86vEESwmonn1zPBJ0VfmT9CJq2FIT0VsETtrNFm2a+SHA==
      registry: https://git.endgame.nz/api/v4/packages/npm/
  /loader-utils/2.0.0:
    dependencies:
      big.js: 5.2.2
      emojis-list: 3.0.0
      json5: 2.1.3
    dev: false
    engines:
      node: '>=8.9.0'
    resolution:
      integrity: sha512-rP4F0h2RaWSvPEkD7BLDFQnvSf+nK+wr3ESUjNTyAGobqrijmW92zc+SO6d4p4B1wh7+B/Jg1mkQe5NYUEHtHQ==
      registry: https://git.endgame.nz/api/v4/packages/npm/
  /lodash/4.17.20:
    dev: true
    resolution:
      integrity: sha512-PlhdFcillOINfeV7Ni6oF1TAEayyZBoZ8bcshTHqOYJYlrqzRK5hagpagky5o4HfCzzd1TRkXPMFq6cKk9rGmA==
      registry: https://git.endgame.nz/api/v4/packages/npm/
  /lolex/4.2.0:
    dev: true
    resolution:
      integrity: sha512-gKO5uExCXvSm6zbF562EvM+rd1kQDnB9AZBbiQVzf1ZmdDpxUSvpnAaVOP83N/31mRK8Ml8/VE8DMvsAZQ+7wg==
      registry: https://git.endgame.nz/api/v4/packages/npm/
  /lolex/5.1.2:
    dependencies:
      '@sinonjs/commons': 1.8.1
    dev: true
    resolution:
      integrity: sha512-h4hmjAvHTmd+25JSwrtTIuwbKdwg5NzZVRMLn9saij4SZaepCrTCxPr35H/3bjwfMJtN+t3CX8672UIkglz28A==
      registry: https://git.endgame.nz/api/v4/packages/npm/
  /minimatch/3.0.4:
    dependencies:
      brace-expansion: 1.1.11
    resolution:
      integrity: sha512-yJHVQEhyqPLUTgt9B83PXu6W3rx4MvvHvSUvToogpwoGDOUQ+yDrR0HRot+yOCdCO7u4hX3pWft6kWBBcqh0UA==
      registry: https://git.endgame.nz/api/v4/packages/npm/
  /minimist/0.0.8:
    dev: true
    resolution:
      integrity: sha1-hX/Kv8M5fSYluCKCYuhqp6ARsF0=
      registry: https://git.endgame.nz/api/v4/packages/npm/
  /minimist/1.2.5:
    dev: false
    resolution:
      integrity: sha512-FM9nNUYrRBAELZQT3xeZQ7fmMOBg6nWNmJKTcgsJeaLstP/UODVpGsr5OhXhhXg6f+qtJ8uiZ+PUxkDWcgIXLw==
      registry: https://git.endgame.nz/api/v4/packages/npm/
  /mkdirp/0.5.1:
    dependencies:
      minimist: 0.0.8
    deprecated: Legacy versions of mkdirp are no longer supported. Please update to mkdirp 1.x. (Note that the API surface has changed to use Promises in 1.x.)
    dev: true
    hasBin: true
    resolution:
      integrity: sha1-MAV0OOrGz3+MR2fzhkjWaX11yQM=
      registry: https://git.endgame.nz/api/v4/packages/npm/
  /mocha/5.2.0:
    dependencies:
      browser-stdout: 1.3.1
      commander: 2.15.1
      debug: 3.1.0
      diff: 3.5.0
      escape-string-regexp: 1.0.5
      glob: 7.1.2
      growl: 1.10.5
      he: 1.1.1
      minimatch: 3.0.4
      mkdirp: 0.5.1
      supports-color: 5.4.0
    dev: true
    engines:
      node: '>= 4.0.0'
    hasBin: true
    resolution:
      integrity: sha512-2IUgKDhc3J7Uug+FxMXuqIyYzH7gJjXECKe/w43IGgQHTSj3InJi+yAA7T24L9bQMRKiUEHxEX37G5JpVUGLcQ==
      registry: https://git.endgame.nz/api/v4/packages/npm/
  /ms/2.0.0:
    dev: true
    resolution:
      integrity: sha1-VgiurfwAvmwpAd9fmGF4jeDVl8g=
      registry: https://git.endgame.nz/api/v4/packages/npm/
  /nise/1.5.3:
    dependencies:
      '@sinonjs/formatio': 3.2.2
      '@sinonjs/text-encoding': 0.7.1
      just-extend: 4.1.1
      lolex: 5.1.2
      path-to-regexp: 1.8.0
    dev: true
    resolution:
      integrity: sha512-Ymbac/94xeIrMf59REBPOv0thr+CJVFMhrlAkW/gjCIE58BGQdCj0x7KRCb3yz+Ga2Rz3E9XXSvUyyxqqhjQAQ==
      registry: https://git.endgame.nz/api/v4/packages/npm/
  /once/1.4.0:
    dependencies:
      wrappy: 1.0.2
    resolution:
      integrity: sha1-WDsap3WWHUsROsF9nFC6753Xa9E=
      registry: https://git.endgame.nz/api/v4/packages/npm/
  /path-is-absolute/1.0.1:
    engines:
      node: '>=0.10.0'
    resolution:
      integrity: sha1-F0uSaHNVNP+8es5r9TpanhtcX18=
      registry: https://git.endgame.nz/api/v4/packages/npm/
  /path-to-regexp/1.8.0:
    dependencies:
      isarray: 0.0.1
    dev: true
    resolution:
      integrity: sha512-n43JRhlUKUAlibEJhPeir1ncUID16QnEjNpwzNdO3Lm4ywrBpBZ5oLD0I6br9evr1Y9JTqwRtAh7JLoOzAQdVA==
      registry: https://git.endgame.nz/api/v4/packages/npm/
  /pathval/1.1.0:
    dev: true
    resolution:
      integrity: sha1-uULm1L3mUwBe9rcTYd74cn0GReA=
      registry: https://git.endgame.nz/api/v4/packages/npm/
  /punycode/2.1.1:
    dev: false
    engines:
      node: '>=6'
    resolution:
      integrity: sha512-XRsRjdf+j5ml+y/6GKHPZbrF/8p2Yga0JPtdqTIY2Xe5ohJPD9saDJJLPvp9+NSBprVvevdXZybnj2cv8OEd0A==
      registry: https://git.endgame.nz/api/v4/packages/npm/
  /schema-utils/3.0.0:
    dependencies:
      '@types/json-schema': 7.0.6
      ajv: 6.12.6
      ajv-keywords: 3.5.2_ajv@6.12.6
    dev: false
    engines:
      node: '>= 10.13.0'
    resolution:
      integrity: sha512-6D82/xSzO094ajanoOSbe4YvXWMfn2A//8Y1+MUqFAJul5Bs+yn36xbK9OtNDcRVSBJ9jjeoXftM6CfztsjOAA==
      registry: https://git.endgame.nz/api/v4/packages/npm/
  /sinon/7.5.0:
    dependencies:
      '@sinonjs/commons': 1.8.1
      '@sinonjs/formatio': 3.2.2
      '@sinonjs/samsam': 3.3.3
      diff: 3.5.0
      lolex: 4.2.0
      nise: 1.5.3
      supports-color: 5.5.0
    dev: true
    resolution:
      integrity: sha512-AoD0oJWerp0/rY9czP/D6hDTTUYGpObhZjMpd7Cl/A6+j0xBE+ayL/ldfggkBXUs0IkvIiM1ljM8+WkOc5k78Q==
      registry: https://git.endgame.nz/api/v4/packages/npm/
  /supports-color/5.4.0:
    dependencies:
      has-flag: 3.0.0
    dev: true
    engines:
      node: '>=4'
    resolution:
      integrity: sha512-zjaXglF5nnWpsq470jSv6P9DwPvgLkuapYmfDm3JWOm0vkNTVF2tI4UrN2r6jH1qM/uc/WtxYY1hYoA2dOKj5w==
      registry: https://git.endgame.nz/api/v4/packages/npm/
  /supports-color/5.5.0:
    dependencies:
      has-flag: 3.0.0
    dev: true
    engines:
      node: '>=4'
    resolution:
      integrity: sha512-QjVjwdXIt408MIiAqCX4oUKsgU2EqAGzs2Ppkm4aQYbjm+ZEWEcW4SfFNTr4uMNZma0ey4f5lgLrkB0aX0QMow==
      registry: https://git.endgame.nz/api/v4/packages/npm/
  /type-detect/4.0.8:
    dev: true
    engines:
      node: '>=4'
    resolution:
      integrity: sha512-0fr/mIH1dlO+x7TlcMy+bIDqKPsw/70tVyeHW787goQjhmqaZe10uwLujubK9q9Lg6Fiho1KUKDYz0Z7k7g5/g==
      registry: https://git.endgame.nz/api/v4/packages/npm/
  /uri-js/4.4.0:
    dependencies:
      punycode: 2.1.1
    dev: false
    resolution:
      integrity: sha512-B0yRTzYdUCCn9n+F4+Gh4yIDtMQcaJsmYBDsTSG8g/OejKBodLQ2IHfN3bM7jUsRXndopT7OIXWdYqc1fjmV6g==
      registry: https://git.endgame.nz/api/v4/packages/npm/
  /wrappy/1.0.2:
    resolution:
      integrity: sha1-tSQ9jz7BqjXxNkYFvA0QNuMKtp8=
      registry: https://git.endgame.nz/api/v4/packages/npm/
specifiers:
  chai: ^4.2.0
  glob: ^5.0.15
  loader-utils: ^2.0.0
  mocha: ^5.2.0
  schema-utils: ^3.0.0
  sinon: ^7.2.0
